
Microsoft Visual Studio Solution File, Format Version 12.00
# Visual Studio Version 16
VisualStudioVersion = 16.0.29306.81
MinimumVisualStudioVersion = 10.0.40219.1
Project("{FAE04EC0-301F-11D3-BF4B-00C04F79EFBC}") = "SVTService", "SVTService.csproj", "{7CE83BBD-E9ED-424F-B991-DF5FBF17FCE5}"
EndProject
Global
	GlobalSection(SolutionConfigurationPlatforms) = preSolution
		Debug|Any CPU = Debug|Any CPU
		Release|Any CPU = Release|Any CPU
	EndGlobalSection
	GlobalSection(ProjectConfigurationPlatforms) = postSolution
		{7CE83BBD-E9ED-424F-B991-DF5FBF17FCE5}.Debug|Any CPU.ActiveCfg = Debug|Any CPU
		{7CE83BBD-E9ED-424F-B991-DF5FBF17FCE5}.Debug|Any CPU.Build.0 = Debug|Any CPU
		{7CE83BBD-E9ED-424F-B991-DF5FBF17FCE5}.Release|Any CPU.ActiveCfg = Release|Any CPU
		{7CE83BBD-E9ED-424F-B991-DF5FBF17FCE5}.Release|Any CPU.Build.0 = Release|Any CPU
	EndGlobalSection
	GlobalSection(SolutionProperties) = preSolution
		HideSolutionNode = FALSE
	EndGlobalSection
	GlobalSection(ExtensibilityGlobals) = postSolution
		SolutionGuid = {0AD0BDAA-5757-4777-B163-4656CDBAFD89}
	EndGlobalSection
EndGlobal
